
Microsoft Visual Studio Solution File, Format Version 12.00
# Visual Studio 15
VisualStudioVersion = 15.0.26730.16
MinimumVisualStudioVersion = 10.0.40219.1
Project("{FAE04EC0-301F-11D3-BF4B-00C04F79EFBC}") = "Vm.Tools", "Vm.Tools\Vm.Tools.csproj", "{17472EC0-9ABF-449A-85D8-FB9E9A60C9B9}"
EndProject
Project("{FAE04EC0-301F-11D3-BF4B-00C04F79EFBC}") = "Vm.Tools.Tests", "Vm.Tools.Tests\Vm.Tools.Tests.csproj", "{A6F58484-F5EC-4196-A607-DC5F5ECAEC2E}"
EndProject
Project("{FAE04EC0-301F-11D3-BF4B-00C04F79EFBC}") = "Vm.Tools.Application", "Vm.Tools.Application\Vm.Tools.Application.csproj", "{558A9EE8-3C97-4B7B-B478-9CD0E25D355C}"
EndProject
Project("{9A19103F-16F7-4668-BE54-9A1E7A4F7556}") = "Vm.Tools.Standard", "Vm.Tools.Standard\Vm.Tools.Standard.csproj", "{59F5DBF2-0B6E-4FE4-B51E-EB508DE59FBB}"
EndProject
Project("{FAE04EC0-301F-11D3-BF4B-00C04F79EFBC}") = "Application.SetUp", "Application.SetUp\Application.SetUp.csproj", "{2EE8C459-2F74-4F83-BE4E-5EC42D5B1057}"
EndProject
Project("{FAE04EC0-301F-11D3-BF4B-00C04F79EFBC}") = "Application.SetUp.Tests", "Application.SetUp.Tests\Application.SetUp.Tests.csproj", "{AA23DFEE-D697-4849-80B1-F1B3E1E68AF6}"
EndProject
Global
	GlobalSection(SolutionConfigurationPlatforms) = preSolution
		Debug|Any CPU = Debug|Any CPU
		Debug|x86 = Debug|x86
		Release|Any CPU = Release|Any CPU
		Release|x86 = Release|x86
	EndGlobalSection
	GlobalSection(ProjectConfigurationPlatforms) = postSolution
		{17472EC0-9ABF-449A-85D8-FB9E9A60C9B9}.Debug|Any CPU.ActiveCfg = Debug|Any CPU
		{17472EC0-9ABF-449A-85D8-FB9E9A60C9B9}.Debug|Any CPU.Build.0 = Debug|Any CPU
		{17472EC0-9ABF-449A-85D8-FB9E9A60C9B9}.Debug|x86.ActiveCfg = Debug|x86
		{17472EC0-9ABF-449A-85D8-FB9E9A60C9B9}.Debug|x86.Build.0 = Debug|x86
		{17472EC0-9ABF-449A-85D8-FB9E9A60C9B9}.Release|Any CPU.ActiveCfg = Release|Any CPU
		{17472EC0-9ABF-449A-85D8-FB9E9A60C9B9}.Release|Any CPU.Build.0 = Release|Any CPU
		{17472EC0-9ABF-449A-85D8-FB9E9A60C9B9}.Release|x86.ActiveCfg = Release|x86
		{17472EC0-9ABF-449A-85D8-FB9E9A60C9B9}.Release|x86.Build.0 = Release|x86
		{A6F58484-F5EC-4196-A607-DC5F5ECAEC2E}.Debug|Any CPU.ActiveCfg = Debug|Any CPU
		{A6F58484-F5EC-4196-A607-DC5F5ECAEC2E}.Debug|Any CPU.Build.0 = Debug|Any CPU
		{A6F58484-F5EC-4196-A607-DC5F5ECAEC2E}.Debug|x86.ActiveCfg = Debug|x86
		{A6F58484-F5EC-4196-A607-DC5F5ECAEC2E}.Debug|x86.Build.0 = Debug|x86
		{A6F58484-F5EC-4196-A607-DC5F5ECAEC2E}.Release|Any CPU.ActiveCfg = Release|Any CPU
		{A6F58484-F5EC-4196-A607-DC5F5ECAEC2E}.Release|Any CPU.Build.0 = Release|Any CPU
		{A6F58484-F5EC-4196-A607-DC5F5ECAEC2E}.Release|x86.ActiveCfg = Release|x86
		{A6F58484-F5EC-4196-A607-DC5F5ECAEC2E}.Release|x86.Build.0 = Release|x86
		{558A9EE8-3C97-4B7B-B478-9CD0E25D355C}.Debug|Any CPU.ActiveCfg = Debug|Any CPU
		{558A9EE8-3C97-4B7B-B478-9CD0E25D355C}.Debug|Any CPU.Build.0 = Debug|Any CPU
		{558A9EE8-3C97-4B7B-B478-9CD0E25D355C}.Debug|x86.ActiveCfg = Debug|Any CPU
		{558A9EE8-3C97-4B7B-B478-9CD0E25D355C}.Debug|x86.Build.0 = Debug|Any CPU
		{558A9EE8-3C97-4B7B-B478-9CD0E25D355C}.Release|Any CPU.ActiveCfg = Release|Any CPU
		{558A9EE8-3C97-4B7B-B478-9CD0E25D355C}.Release|Any CPU.Build.0 = Release|Any CPU
		{558A9EE8-3C97-4B7B-B478-9CD0E25D355C}.Release|x86.ActiveCfg = Release|Any CPU
		{558A9EE8-3C97-4B7B-B478-9CD0E25D355C}.Release|x86.Build.0 = Release|Any CPU
		{59F5DBF2-0B6E-4FE4-B51E-EB508DE59FBB}.Debug|Any CPU.ActiveCfg = Debug|Any CPU
		{59F5DBF2-0B6E-4FE4-B51E-EB508DE59FBB}.Debug|Any CPU.Build.0 = Debug|Any CPU
		{59F5DBF2-0B6E-4FE4-B51E-EB508DE59FBB}.Debug|x86.ActiveCfg = Debug|Any CPU
		{59F5DBF2-0B6E-4FE4-B51E-EB508DE59FBB}.Debug|x86.Build.0 = Debug|Any CPU
		{59F5DBF2-0B6E-4FE4-B51E-EB508DE59FBB}.Release|Any CPU.ActiveCfg = Release|Any CPU
		{59F5DBF2-0B6E-4FE4-B51E-EB508DE59FBB}.Release|Any CPU.Build.0 = Release|Any CPU
		{59F5DBF2-0B6E-4FE4-B51E-EB508DE59FBB}.Release|x86.ActiveCfg = Release|Any CPU
		{59F5DBF2-0B6E-4FE4-B51E-EB508DE59FBB}.Release|x86.Build.0 = Release|Any CPU
		{2EE8C459-2F74-4F83-BE4E-5EC42D5B1057}.Debug|Any CPU.ActiveCfg = Debug|Any CPU
		{2EE8C459-2F74-4F83-BE4E-5EC42D5B1057}.Debug|Any CPU.Build.0 = Debug|Any CPU
		{2EE8C459-2F74-4F83-BE4E-5EC42D5B1057}.Debug|x86.ActiveCfg = Debug|Any CPU
		{2EE8C459-2F74-4F83-BE4E-5EC42D5B1057}.Debug|x86.Build.0 = Debug|Any CPU
		{2EE8C459-2F74-4F83-BE4E-5EC42D5B1057}.Release|Any CPU.ActiveCfg = Release|Any CPU
		{2EE8C459-2F74-4F83-BE4E-5EC42D5B1057}.Release|Any CPU.Build.0 = Release|Any CPU
		{2EE8C459-2F74-4F83-BE4E-5EC42D5B1057}.Release|x86.ActiveCfg = Release|Any CPU
		{2EE8C459-2F74-4F83-BE4E-5EC42D5B1057}.Release|x86.Build.0 = Release|Any CPU
		{AA23DFEE-D697-4849-80B1-F1B3E1E68AF6}.Debug|Any CPU.ActiveCfg = Debug|Any CPU
		{AA23DFEE-D697-4849-80B1-F1B3E1E68AF6}.Debug|Any CPU.Build.0 = Debug|Any CPU
		{AA23DFEE-D697-4849-80B1-F1B3E1E68AF6}.Debug|x86.ActiveCfg = Debug|Any CPU
		{AA23DFEE-D697-4849-80B1-F1B3E1E68AF6}.Debug|x86.Build.0 = Debug|Any CPU
		{AA23DFEE-D697-4849-80B1-F1B3E1E68AF6}.Release|Any CPU.ActiveCfg = Release|Any CPU
		{AA23DFEE-D697-4849-80B1-F1B3E1E68AF6}.Release|Any CPU.Build.0 = Release|Any CPU
		{AA23DFEE-D697-4849-80B1-F1B3E1E68AF6}.Release|x86.ActiveCfg = Release|Any CPU
		{AA23DFEE-D697-4849-80B1-F1B3E1E68AF6}.Release|x86.Build.0 = Release|Any CPU
	EndGlobalSection
	GlobalSection(SolutionProperties) = preSolution
		HideSolutionNode = FALSE
	EndGlobalSection
	GlobalSection(ExtensibilityGlobals) = postSolution
		SolutionGuid = {BE808649-F4B8-4A54-B3F6-D5D320F62F8D}
	EndGlobalSection
EndGlobal
