
Microsoft Visual Studio Solution File, Format Version 12.00
# Visual Studio 15
VisualStudioVersion = 15.0.26730.16
MinimumVisualStudioVersion = 10.0.40219.1
Project("{FAE04EC0-301F-11D3-BF4B-00C04F79EFBC}") = "Vm.Tools", "Vm.Tools\Vm.Tools.csproj", "{17472EC0-9ABF-449A-85D8-FB9E9A60C9B9}"
EndProject
Project("{FAE04EC0-301F-11D3-BF4B-00C04F79EFBC}") = "Vm.Tools.Tests", "Vm.Tools.Tests\Vm.Tools.Tests.csproj", "{A6F58484-F5EC-4196-A607-DC5F5ECAEC2E}"
EndProject
Project("{FAE04EC0-301F-11D3-BF4B-00C04F79EFBC}") = "Vm.Tools.Application", "Vm.Tools.Application\Vm.Tools.Application.csproj", "{558A9EE8-3C97-4B7B-B478-9CD0E25D355C}"
EndProject
Global
	GlobalSection(SolutionConfigurationPlatforms) = preSolution
		Debug|Any CPU = Debug|Any CPU
		Debug|x86 = Debug|x86
		Release|Any CPU = Release|Any CPU
		Release|x86 = Release|x86
	EndGlobalSection
	GlobalSection(ProjectConfigurationPlatforms) = postSolution
		{17472EC0-9ABF-449A-85D8-FB9E9A60C9B9}.Debug|Any CPU.ActiveCfg = Debug|Any CPU
		{17472EC0-9ABF-449A-85D8-FB9E9A60C9B9}.Debug|Any CPU.Build.0 = Debug|Any CPU
		{17472EC0-9ABF-449A-85D8-FB9E9A60C9B9}.Debug|x86.ActiveCfg = Debug|x86
		{17472EC0-9ABF-449A-85D8-FB9E9A60C9B9}.Debug|x86.Build.0 = Debug|x86
		{17472EC0-9ABF-449A-85D8-FB9E9A60C9B9}.Release|Any CPU.ActiveCfg = Release|Any CPU
		{17472EC0-9ABF-449A-85D8-FB9E9A60C9B9}.Release|Any CPU.Build.0 = Release|Any CPU
		{17472EC0-9ABF-449A-85D8-FB9E9A60C9B9}.Release|x86.ActiveCfg = Release|x86
		{17472EC0-9ABF-449A-85D8-FB9E9A60C9B9}.Release|x86.Build.0 = Release|x86
		{A6F58484-F5EC-4196-A607-DC5F5ECAEC2E}.Debug|Any CPU.ActiveCfg = Debug|Any CPU
		{A6F58484-F5EC-4196-A607-DC5F5ECAEC2E}.Debug|Any CPU.Build.0 = Debug|Any CPU
		{A6F58484-F5EC-4196-A607-DC5F5ECAEC2E}.Debug|x86.ActiveCfg = Debug|x86
		{A6F58484-F5EC-4196-A607-DC5F5ECAEC2E}.Debug|x86.Build.0 = Debug|x86
		{A6F58484-F5EC-4196-A607-DC5F5ECAEC2E}.Release|Any CPU.ActiveCfg = Release|Any CPU
		{A6F58484-F5EC-4196-A607-DC5F5ECAEC2E}.Release|Any CPU.Build.0 = Release|Any CPU
		{A6F58484-F5EC-4196-A607-DC5F5ECAEC2E}.Release|x86.ActiveCfg = Release|x86
		{A6F58484-F5EC-4196-A607-DC5F5ECAEC2E}.Release|x86.Build.0 = Release|x86
		{558A9EE8-3C97-4B7B-B478-9CD0E25D355C}.Debug|Any CPU.ActiveCfg = Debug|Any CPU
		{558A9EE8-3C97-4B7B-B478-9CD0E25D355C}.Debug|Any CPU.Build.0 = Debug|Any CPU
		{558A9EE8-3C97-4B7B-B478-9CD0E25D355C}.Debug|x86.ActiveCfg = Debug|Any CPU
		{558A9EE8-3C97-4B7B-B478-9CD0E25D355C}.Debug|x86.Build.0 = Debug|Any CPU
		{558A9EE8-3C97-4B7B-B478-9CD0E25D355C}.Release|Any CPU.ActiveCfg = Release|Any CPU
		{558A9EE8-3C97-4B7B-B478-9CD0E25D355C}.Release|Any CPU.Build.0 = Release|Any CPU
		{558A9EE8-3C97-4B7B-B478-9CD0E25D355C}.Release|x86.ActiveCfg = Release|Any CPU
		{558A9EE8-3C97-4B7B-B478-9CD0E25D355C}.Release|x86.Build.0 = Release|Any CPU
	EndGlobalSection
	GlobalSection(SolutionProperties) = preSolution
		HideSolutionNode = FALSE
	EndGlobalSection
	GlobalSection(ExtensibilityGlobals) = postSolution
		SolutionGuid = {BE808649-F4B8-4A54-B3F6-D5D320F62F8D}
	EndGlobalSection
EndGlobal
